// !$*UTF8*$!
{
	archiveVersion = 1;
	classes = {
	};
	objectVersion = 50;
	objects = {

/* Begin PBXBuildFile section */
		33394D2024ACD1C100DE49AB /* AppDelegate.swift in Sources */ = {isa = PBXBuildFile; fileRef = 33394D1F24ACD1C100DE49AB /* AppDelegate.swift */; };
		33394D2224ACD1C100DE49AB /* SceneDelegate.swift in Sources */ = {isa = PBXBuildFile; fileRef = 33394D2124ACD1C100DE49AB /* SceneDelegate.swift */; };
		33394D2424ACD1C100DE49AB /* ViewControllerA_1.swift in Sources */ = {isa = PBXBuildFile; fileRef = 33394D2324ACD1C100DE49AB /* ViewControllerA_1.swift */; };
		33394D2724ACD1C100DE49AB /* Main.storyboard in Resources */ = {isa = PBXBuildFile; fileRef = 33394D2524ACD1C100DE49AB /* Main.storyboard */; };
		33394D2924ACD1C300DE49AB /* Assets.xcassets in Resources */ = {isa = PBXBuildFile; fileRef = 33394D2824ACD1C300DE49AB /* Assets.xcassets */; };
		33394D2C24ACD1C300DE49AB /* LaunchScreen.storyboard in Resources */ = {isa = PBXBuildFile; fileRef = 33394D2A24ACD1C300DE49AB /* LaunchScreen.storyboard */; };
		33394D3424ACD27200DE49AB /* ViewController2.swift in Sources */ = {isa = PBXBuildFile; fileRef = 33394D3324ACD27200DE49AB /* ViewController2.swift */; };
		33394D3624ACD42900DE49AB /* ViewControllerA_2.swift in Sources */ = {isa = PBXBuildFile; fileRef = 33394D3524ACD42900DE49AB /* ViewControllerA_2.swift */; };
/* End PBXBuildFile section */

/* Begin PBXFileReference section */
		33394D1C24ACD1C100DE49AB /* NavigationItem.app */ = {isa = PBXFileReference; explicitFileType = wrapper.application; includeInIndex = 0; path = NavigationItem.app; sourceTree = BUILT_PRODUCTS_DIR; };
		33394D1F24ACD1C100DE49AB /* AppDelegate.swift */ = {isa = PBXFileReference; lastKnownFileType = sourcecode.swift; path = AppDelegate.swift; sourceTree = "<group>"; };
		33394D2124ACD1C100DE49AB /* SceneDelegate.swift */ = {isa = PBXFileReference; lastKnownFileType = sourcecode.swift; path = SceneDelegate.swift; sourceTree = "<group>"; };
		33394D2324ACD1C100DE49AB /* ViewControllerA_1.swift */ = {isa = PBXFileReference; lastKnownFileType = sourcecode.swift; path = ViewControllerA_1.swift; sourceTree = "<group>"; };
		33394D2624ACD1C100DE49AB /* Base */ = {isa = PBXFileReference; lastKnownFileType = file.storyboard; name = Base; path = Base.lproj/Main.storyboard; sourceTree = "<group>"; };
		33394D2824ACD1C300DE49AB /* Assets.xcassets */ = {isa = PBXFileReference; lastKnownFileType = folder.assetcatalog; path = Assets.xcassets; sourceTree = "<group>"; };
		33394D2B24ACD1C300DE49AB /* Base */ = {isa = PBXFileReference; lastKnownFileType = file.storyboard; name = Base; path = Base.lproj/LaunchScreen.storyboard; sourceTree = "<group>"; };
		33394D2D24ACD1C300DE49AB /* Info.plist */ = {isa = PBXFileReference; lastKnownFileType = text.plist.xml; path = Info.plist; sourceTree = "<group>"; };
		33394D3324ACD27200DE49AB /* ViewController2.swift */ = {isa = PBXFileReference; lastKnownFileType = sourcecode.swift; path = ViewController2.swift; sourceTree = "<group>"; };
		33394D3524ACD42900DE49AB /* ViewControllerA_2.swift */ = {isa = PBXFileReference; lastKnownFileType = sourcecode.swift; path = ViewControllerA_2.swift; sourceTree = "<group>"; };
/* End PBXFileReference section */

/* Begin PBXFrameworksBuildPhase section */
		33394D1924ACD1C100DE49AB /* Frameworks */ = {
			isa = PBXFrameworksBuildPhase;
			buildActionMask = 2147483647;
			files = (
			);
			runOnlyForDeploymentPostprocessing = 0;
		};
/* End PBXFrameworksBuildPhase section */

/* Begin PBXGroup section */
		33394D1324ACD1C100DE49AB = {
			isa = PBXGroup;
			children = (
				33394D1E24ACD1C100DE49AB /* NavigationItem */,
				33394D1D24ACD1C100DE49AB /* Products */,
			);
			sourceTree = "<group>";
		};
		33394D1D24ACD1C100DE49AB /* Products */ = {
			isa = PBXGroup;
			children = (
				33394D1C24ACD1C100DE49AB /* NavigationItem.app */,
			);
			name = Products;
			sourceTree = "<group>";
		};
		33394D1E24ACD1C100DE49AB /* NavigationItem */ = {
			isa = PBXGroup;
			children = (
				33394D1F24ACD1C100DE49AB /* AppDelegate.swift */,
				33394D2124ACD1C100DE49AB /* SceneDelegate.swift */,
				33394D2324ACD1C100DE49AB /* ViewControllerA_1.swift */,
				33394D3524ACD42900DE49AB /* ViewControllerA_2.swift */,
				33394D3324ACD27200DE49AB /* ViewController2.swift */,
				33394D2524ACD1C100DE49AB /* Main.storyboard */,
				33394D2824ACD1C300DE49AB /* Assets.xcassets */,
				33394D2A24ACD1C300DE49AB /* LaunchScreen.storyboard */,
				33394D2D24ACD1C300DE49AB /* Info.plist */,
			);
			path = NavigationItem;
			sourceTree = "<group>";
		};
/* End PBXGroup section */

/* Begin PBXNativeTarget section */
		33394D1B24ACD1C100DE49AB /* NavigationItem */ = {
			isa = PBXNativeTarget;
			buildConfigurationList = 33394D3024ACD1C300DE49AB /* Build configuration list for PBXNativeTarget "NavigationItem" */;
			buildPhases = (
				33394D1824ACD1C100DE49AB /* Sources */,
				33394D1924ACD1C100DE49AB /* Frameworks */,
				33394D1A24ACD1C100DE49AB /* Resources */,
			);
			buildRules = (
			);
			dependencies = (
			);
			name = NavigationItem;
			productName = NavigationItem;
			productReference = 33394D1C24ACD1C100DE49AB /* NavigationItem.app */;
			productType = "com.apple.product-type.application";
		};
/* End PBXNativeTarget section */

/* Begin PBXProject section */
		33394D1424ACD1C100DE49AB /* Project object */ = {
			isa = PBXProject;
			attributes = {
				LastSwiftUpdateCheck = 1140;
				LastUpgradeCheck = 1140;
				ORGANIZATIONNAME = sym;
				TargetAttributes = {
					33394D1B24ACD1C100DE49AB = {
						CreatedOnToolsVersion = 11.4.1;
					};
				};
			};
			buildConfigurationList = 33394D1724ACD1C100DE49AB /* Build configuration list for PBXProject "NavigationItem" */;
			compatibilityVersion = "Xcode 9.3";
			developmentRegion = en;
			hasScannedForEncodings = 0;
			knownRegions = (
				en,
				Base,
			);
			mainGroup = 33394D1324ACD1C100DE49AB;
			productRefGroup = 33394D1D24ACD1C100DE49AB /* Products */;
			projectDirPath = "";
			projectRoot = "";
			targets = (
				33394D1B24ACD1C100DE49AB /* NavigationItem */,
			);
		};
/* End PBXProject section */

/* Begin PBXResourcesBuildPhase section */
		33394D1A24ACD1C100DE49AB /* Resources */ = {
			isa = PBXResourcesBuildPhase;
			buildActionMask = 2147483647;
			files = (
				33394D2C24ACD1C300DE49AB /* LaunchScreen.storyboard in Resources */,
				33394D2924ACD1C300DE49AB /* Assets.xcassets in Resources */,
				33394D2724ACD1C100DE49AB /* Main.storyboard in Resources */,
			);
			runOnlyForDeploymentPostprocessing = 0;
		};
/* End PBXResourcesBuildPhase section */

/* Begin PBXSourcesBuildPhase section */
		33394D1824ACD1C100DE49AB /* Sources */ = {
			isa = PBXSourcesBuildPhase;
			buildActionMask = 2147483647;
			files = (
				33394D3624ACD42900DE49AB /* ViewControllerA_2.swift in Sources */,
				33394D2424ACD1C100DE49AB /* ViewControllerA_1.swift in Sources */,
				33394D3424ACD27200DE49AB /* ViewController2.swift in Sources */,
				33394D2024ACD1C100DE49AB /* AppDelegate.swift in Sources */,
				33394D2224ACD1C100DE49AB /* SceneDelegate.swift in Sources */,
			);
			runOnlyForDeploymentPostprocessing = 0;
		};
/* End PBXSourcesBuildPhase section */

/* Begin PBXVariantGroup section */
		33394D2524ACD1C100DE49AB /* Main.storyboard */ = {
			isa = PBXVariantGroup;
			children = (
				33394D2624ACD1C100DE49AB /* Base */,
			);
			name = Main.storyboard;
			sourceTree = "<group>";
		};
		33394D2A24ACD1C300DE49AB /* LaunchScreen.storyboard */ = {
			isa = PBXVariantGroup;
			children = (
				33394D2B24ACD1C300DE49AB /* Base */,
			);
			name = LaunchScreen.storyboard;
			sourceTree = "<group>";
		};
/* End PBXVariantGroup section */

/* Begin XCBuildConfiguration section */
		33394D2E24ACD1C300DE49AB /* Debug */ = {
			isa = XCBuildConfiguration;
			buildSettings = {
				ALWAYS_SEARCH_USER_PATHS = NO;
				CLANG_ANALYZER_NONNULL = YES;
				CLANG_ANALYZER_NUMBER_OBJECT_CONVERSION = YES_AGGRESSIVE;
				CLANG_CXX_LANGUAGE_STANDARD = "gnu++14";
				CLANG_CXX_LIBRARY = "libc++";
				CLANG_ENABLE_MODULES = YES;
				CLANG_ENABLE_OBJC_ARC = YES;
				CLANG_ENABLE_OBJC_WEAK = YES;
				CLANG_WARN_BLOCK_CAPTURE_AUTORELEASING = YES;
				CLANG_WARN_BOOL_CONVERSION = YES;
				CLANG_WARN_COMMA = YES;
				CLANG_WARN_CONSTANT_CONVERSION = YES;
				CLANG_WARN_DEPRECATED_OBJC_IMPLEMENTATIONS = YES;
				CLANG_WARN_DIRECT_OBJC_ISA_USAGE = YES_ERROR;
				CLANG_WARN_DOCUMENTATION_COMMENTS = YES;
				CLANG_WARN_EMPTY_BODY = YES;
				CLANG_WARN_ENUM_CONVERSION = YES;
				CLANG_WARN_INFINITE_RECURSION = YES;
				CLANG_WARN_INT_CONVERSION = YES;
				CLANG_WARN_NON_LITERAL_NULL_CONVERSION = YES;
				CLANG_WARN_OBJC_IMPLICIT_RETAIN_SELF = YES;
				CLANG_WARN_OBJC_LITERAL_CONVERSION = YES;
				CLANG_WARN_OBJC_ROOT_CLASS = YES_ERROR;
				CLANG_WARN_RANGE_LOOP_ANALYSIS = YES;
				CLANG_WARN_STRICT_PROTOTYPES = YES;
				CLANG_WARN_SUSPICIOUS_MOVE = YES;
				CLANG_WARN_UNGUARDED_AVAILABILITY = YES_AGGRESSIVE;
				CLANG_WARN_UNREACHABLE_CODE = YES;
				CLANG_WARN__DUPLICATE_METHOD_MATCH = YES;
				COPY_PHASE_STRIP = NO;
				DEBUG_INFORMATION_FORMAT = dwarf;
				ENABLE_STRICT_OBJC_MSGSEND = YES;
				ENABLE_TESTABILITY = YES;
				GCC_C_LANGUAGE_STANDARD = gnu11;
				GCC_DYNAMIC_NO_PIC = NO;
				GCC_NO_COMMON_BLOCKS = YES;
				GCC_OPTIMIZATION_LEVEL = 0;
				GCC_PREPROCESSOR_DEFINITIONS = (
					"DEBUG=1",
					"$(inherited)",
				);
				GCC_WARN_64_TO_32_BIT_CONVERSION = YES;
				GCC_WARN_ABOUT_RETURN_TYPE = YES_ERROR;
				GCC_WARN_UNDECLARED_SELECTOR = YES;
				GCC_WARN_UNINITIALIZED_AUTOS = YES_AGGRESSIVE;
				GCC_WARN_UNUSED_FUNCTION = YES;
				GCC_WARN_UNUSED_VARIABLE = YES;
				IPHONEOS_DEPLOYMENT_TARGET = 13.4;
				MTL_ENABLE_DEBUG_INFO = INCLUDE_SOURCE;
				MTL_FAST_MATH = YES;
				ONLY_ACTIVE_ARCH = YES;
				SDKROOT = iphoneos;
				SWIFT_ACTIVE_COMPILATION_CONDITIONS = DEBUG;
				SWIFT_OPTIMIZATION_LEVEL = "-Onone";
			};
			name = Debug;
		};
		33394D2F24ACD1C300DE49AB /* Release */ = {
			isa = XCBuildConfiguration;
			buildSettings = {
				ALWAYS_SEARCH_USER_PATHS = NO;
				CLANG_ANALYZER_NONNULL = YES;
				CLANG_ANALYZER_NUMBER_OBJECT_CONVERSION = YES_AGGRESSIVE;
				CLANG_CXX_LANGUAGE_STANDARD = "gnu++14";
				CLANG_CXX_LIBRARY = "libc++";
				CLANG_ENABLE_MODULES = YES;
				CLANG_ENABLE_OBJC_ARC = YES;
				CLANG_ENABLE_OBJC_WEAK = YES;
				CLANG_WARN_BLOCK_CAPTURE_AUTORELEASING = YES;
				CLANG_WARN_BOOL_CONVERSION = YES;
				CLANG_WARN_COMMA = YES;
				CLANG_WARN_CONSTANT_CONVERSION = YES;
				CLANG_WARN_DEPRECATED_OBJC_IMPLEMENTATIONS = YES;
				CLANG_WARN_DIRECT_OBJC_ISA_USAGE = YES_ERROR;
				CLANG_WARN_DOCUMENTATION_COMMENTS = YES;
				CLANG_WARN_EMPTY_BODY = YES;
				CLANG_WARN_ENUM_CONVERSION = YES;
				CLANG_WARN_INFINITE_RECURSION = YES;
				CLANG_WARN_INT_CONVERSION = YES;
				CLANG_WARN_NON_LITERAL_NULL_CONVERSION = YES;
				CLANG_WARN_OBJC_IMPLICIT_RETAIN_SELF = YES;
				CLANG_WARN_OBJC_LITERAL_CONVERSION = YES;
				CLANG_WARN_OBJC_ROOT_CLASS = YES_ERROR;
				CLANG_WARN_RANGE_LOOP_ANALYSIS = YES;
				CLANG_WARN_STRICT_PROTOTYPES = YES;
				CLANG_WARN_SUSPICIOUS_MOVE = YES;
				CLANG_WARN_UNGUARDED_AVAILABILITY = YES_AGGRESSIVE;
				CLANG_WARN_UNREACHABLE_CODE = YES;
				CLANG_WARN__DUPLICATE_METHOD_MATCH = YES;
				COPY_PHASE_STRIP = NO;
				DEBUG_INFORMATION_FORMAT = "dwarf-with-dsym";
				ENABLE_NS_ASSERTIONS = NO;
				ENABLE_STRICT_OBJC_MSGSEND = YES;
				GCC_C_LANGUAGE_STANDARD = gnu11;
				GCC_NO_COMMON_BLOCKS = YES;
				GCC_WARN_64_TO_32_BIT_CONVERSION = YES;
				GCC_WARN_ABOUT_RETURN_TYPE = YES_ERROR;
				GCC_WARN_UNDECLARED_SELECTOR = YES;
				GCC_WARN_UNINITIALIZED_AUTOS = YES_AGGRESSIVE;
				GCC_WARN_UNUSED_FUNCTION = YES;
				GCC_WARN_UNUSED_VARIABLE = YES;
				IPHONEOS_DEPLOYMENT_TARGET = 13.4;
				MTL_ENABLE_DEBUG_INFO = NO;
				MTL_FAST_MATH = YES;
				SDKROOT = iphoneos;
				SWIFT_COMPILATION_MODE = wholemodule;
				SWIFT_OPTIMIZATION_LEVEL = "-O";
				VALIDATE_PRODUCT = YES;
			};
			name = Release;
		};
		33394D3124ACD1C300DE49AB /* Debug */ = {
			isa = XCBuildConfiguration;
			buildSettings = {
				ASSETCATALOG_COMPILER_APPICON_NAME = AppIcon;
				CODE_SIGN_STYLE = Automatic;
				INFOPLIST_FILE = NavigationItem/Info.plist;
				LD_RUNPATH_SEARCH_PATHS = (
					"$(inherited)",
					"@executable_path/Frameworks",
				);
				PRODUCT_BUNDLE_IDENTIFIER = sym.NavigationItem;
				PRODUCT_NAME = "$(TARGET_NAME)";
				SWIFT_VERSION = 5.0;
				TARGETED_DEVICE_FAMILY = "1,2";
			};
			name = Debug;
		};
		33394D3224ACD1C300DE49AB /* Release */ = {
			isa = XCBuildConfiguration;
			buildSettings = {
				ASSETCATALOG_COMPILER_APPICON_NAME = AppIcon;
				CODE_SIGN_STYLE = Automatic;
				INFOPLIST_FILE = NavigationItem/Info.plist;
				LD_RUNPATH_SEARCH_PATHS = (
					"$(inherited)",
					"@executable_path/Frameworks",
				);
				PRODUCT_BUNDLE_IDENTIFIER = sym.NavigationItem;
				PRODUCT_NAME = "$(TARGET_NAME)";
				SWIFT_VERSION = 5.0;
				TARGETED_DEVICE_FAMILY = "1,2";
			};
			name = Release;
		};
/* End XCBuildConfiguration section */

/* Begin XCConfigurationList section */
		33394D1724ACD1C100DE49AB /* Build configuration list for PBXProject "NavigationItem" */ = {
			isa = XCConfigurationList;
			buildConfigurations = (
				33394D2E24ACD1C300DE49AB /* Debug */,
				33394D2F24ACD1C300DE49AB /* Release */,
			);
			defaultConfigurationIsVisible = 0;
			defaultConfigurationName = Release;
		};
		33394D3024ACD1C300DE49AB /* Build configuration list for PBXNativeTarget "NavigationItem" */ = {
			isa = XCConfigurationList;
			buildConfigurations = (
				33394D3124ACD1C300DE49AB /* Debug */,
				33394D3224ACD1C300DE49AB /* Release */,
			);
			defaultConfigurationIsVisible = 0;
			defaultConfigurationName = Release;
		};
/* End XCConfigurationList section */
	};
	rootObject = 33394D1424ACD1C100DE49AB /* Project object */;
}
